github.com/djherbis/atime v1.1.0 h1:rgwVbP/5by8BvvjBNrbh64Qz33idKT3pSnMSJsxhi0g=
github.com/djherbis/atime v1.1.0/go.mod h1:28OF6Y8s3NQWwacXc5eZTsEsiMzp7LF8MbXE+XJPdBE=
github.com/djherbis/stream v1.4.0 h1:aVD46WZUiq5kJk55yxJAyw6Kuera6kmC3i2vEQyW/AE=
github.com/djherbis/stream v1.4.0/go.mod h1:cqjC1ZRq3FFwkGmUtHwcldbnW8f0Q4YuVsGW1eAFtOk=
