gopkg.in/djherbis/atime.v1 v1.0.0 h1:eMRqB/JrLKocla2PBPKgQYg/p5UG4L6AUAs92aP7F60=
gopkg.in/djherbis/atime.v1 v1.0.0/go.mod h1:hQIUStKmJfvf7xdh/wtK84qe+DsTV5LnA9lzxxtPpJ8=
gopkg.in/djherbis/stream.v1 v1.2.0 h1:3tZuXO+RK8opjw8/BJr780h+eAPwOFfLHCKRKyYxk3s=
gopkg.in/djherbis/stream.v1 v1.2.0/go.mod h1:aEV8CBVRmSpLamVJfM903Npic1IKmb2qS30VAZ+sssg=
